
Microsoft Visual Studio Solution File, Format Version 12.00
# Visual Studio Version 17
VisualStudioVersion = 17.4.33213.308
MinimumVisualStudioVersion = 10.0.40219.1
Project("{9A19103F-16F7-4668-BE54-9A1E7A4F7556}") = "MarcosWebApiProject.API", "MarcosWebApiProject\MarcosWebApiProject.API.csproj", "{9403F117-0A81-454B-BB20-D4DAA3831A7B}"
EndProject
Project("{9A19103F-16F7-4668-BE54-9A1E7A4F7556}") = "MarcosWebApiProject.ApplicationService", "MarcosWebApiProject.ApplicationService\MarcosWebApiProject.ApplicationService.csproj", "{2E0BC5C1-2588-442B-BACF-5F2F874DD7A5}"
EndProject
Project("{9A19103F-16F7-4668-BE54-9A1E7A4F7556}") = "MarcosWebApiProject.Infrastructure", "MarcosWebApiProject.Infrastructure\MarcosWebApiProject.Infrastructure.csproj", "{3A12988E-6F5C-4780-AE5F-61BD1AD1F8D0}"
EndProject
Project("{9A19103F-16F7-4668-BE54-9A1E7A4F7556}") = "OpenAI.GPT3", "..\..\OpenAiBetalgo\openai\OpenAI.SDK\OpenAI.GPT3.csproj", "{44A2B8C6-41A4-42FE-ACB7-DC0E33A59E83}"
EndProject
Project("{9A19103F-16F7-4668-BE54-9A1E7A4F7556}") = "OpenAI.Playground", "..\..\OpenAiBetalgo\openai\OpenAI.Playground\OpenAI.Playground.csproj", "{B4EA8574-F8AB-4FB3-A5F2-C48F49389581}"
EndProject
Global
	GlobalSection(SolutionConfigurationPlatforms) = preSolution
		Debug|Any CPU = Debug|Any CPU
		Release|Any CPU = Release|Any CPU
	EndGlobalSection
	GlobalSection(ProjectConfigurationPlatforms) = postSolution
		{9403F117-0A81-454B-BB20-D4DAA3831A7B}.Debug|Any CPU.ActiveCfg = Debug|Any CPU
		{9403F117-0A81-454B-BB20-D4DAA3831A7B}.Debug|Any CPU.Build.0 = Debug|Any CPU
		{9403F117-0A81-454B-BB20-D4DAA3831A7B}.Release|Any CPU.ActiveCfg = Release|Any CPU
		{9403F117-0A81-454B-BB20-D4DAA3831A7B}.Release|Any CPU.Build.0 = Release|Any CPU
		{2E0BC5C1-2588-442B-BACF-5F2F874DD7A5}.Debug|Any CPU.ActiveCfg = Debug|Any CPU
		{2E0BC5C1-2588-442B-BACF-5F2F874DD7A5}.Debug|Any CPU.Build.0 = Debug|Any CPU
		{2E0BC5C1-2588-442B-BACF-5F2F874DD7A5}.Release|Any CPU.ActiveCfg = Release|Any CPU
		{2E0BC5C1-2588-442B-BACF-5F2F874DD7A5}.Release|Any CPU.Build.0 = Release|Any CPU
		{3A12988E-6F5C-4780-AE5F-61BD1AD1F8D0}.Debug|Any CPU.ActiveCfg = Debug|Any CPU
		{3A12988E-6F5C-4780-AE5F-61BD1AD1F8D0}.Debug|Any CPU.Build.0 = Debug|Any CPU
		{3A12988E-6F5C-4780-AE5F-61BD1AD1F8D0}.Release|Any CPU.ActiveCfg = Release|Any CPU
		{3A12988E-6F5C-4780-AE5F-61BD1AD1F8D0}.Release|Any CPU.Build.0 = Release|Any CPU
		{44A2B8C6-41A4-42FE-ACB7-DC0E33A59E83}.Debug|Any CPU.ActiveCfg = Debug|Any CPU
		{44A2B8C6-41A4-42FE-ACB7-DC0E33A59E83}.Debug|Any CPU.Build.0 = Debug|Any CPU
		{44A2B8C6-41A4-42FE-ACB7-DC0E33A59E83}.Release|Any CPU.ActiveCfg = Release|Any CPU
		{44A2B8C6-41A4-42FE-ACB7-DC0E33A59E83}.Release|Any CPU.Build.0 = Release|Any CPU
		{B4EA8574-F8AB-4FB3-A5F2-C48F49389581}.Debug|Any CPU.ActiveCfg = Debug|Any CPU
		{B4EA8574-F8AB-4FB3-A5F2-C48F49389581}.Debug|Any CPU.Build.0 = Debug|Any CPU
		{B4EA8574-F8AB-4FB3-A5F2-C48F49389581}.Release|Any CPU.ActiveCfg = Release|Any CPU
		{B4EA8574-F8AB-4FB3-A5F2-C48F49389581}.Release|Any CPU.Build.0 = Release|Any CPU
	EndGlobalSection
	GlobalSection(SolutionProperties) = preSolution
		HideSolutionNode = FALSE
	EndGlobalSection
	GlobalSection(ExtensibilityGlobals) = postSolution
		SolutionGuid = {9ECE9600-820B-494B-ACF1-460CA20F0E15}
	EndGlobalSection
EndGlobal
